
Microsoft Visual Studio Solution File, Format Version 12.00
# Visual Studio 15
VisualStudioVersion = 15.0.28010.2036
MinimumVisualStudioVersion = 10.0.40219.1
Project("{FAE04EC0-301F-11D3-BF4B-00C04F79EFBC}") = "Tennis.Service", "Tennis.Service\Tennis.Service.csproj", "{2A70D462-26AD-4BBC-B58C-34CE974C3BE6}"
EndProject
Project("{FAE04EC0-301F-11D3-BF4B-00C04F79EFBC}") = "Tennis.Service.Test", "Tennis.Service.Test\Tennis.Service.Test.csproj", "{8FAEF54F-B2A0-412F-A3B6-3712D41770D5}"
EndProject
Project("{FAE04EC0-301F-11D3-BF4B-00C04F79EFBC}") = "Tennis.Play", "Tennis.Play\Tennis.Play.csproj", "{227B9857-427E-4D81-8C1F-FCA71A546ED0}"
EndProject
Project("{FAE04EC0-301F-11D3-BF4B-00C04F79EFBC}") = "Tennis.Play.Test", "Tennis.Play.Test\Tennis.Play.Test.csproj", "{45592A3E-E164-4643-B12D-732D52037E1D}"
EndProject
Global
	GlobalSection(SolutionConfigurationPlatforms) = preSolution
		Debug|Any CPU = Debug|Any CPU
		Release|Any CPU = Release|Any CPU
	EndGlobalSection
	GlobalSection(ProjectConfigurationPlatforms) = postSolution
		{2A70D462-26AD-4BBC-B58C-34CE974C3BE6}.Debug|Any CPU.ActiveCfg = Debug|Any CPU
		{2A70D462-26AD-4BBC-B58C-34CE974C3BE6}.Debug|Any CPU.Build.0 = Debug|Any CPU
		{2A70D462-26AD-4BBC-B58C-34CE974C3BE6}.Release|Any CPU.ActiveCfg = Release|Any CPU
		{2A70D462-26AD-4BBC-B58C-34CE974C3BE6}.Release|Any CPU.Build.0 = Release|Any CPU
		{8FAEF54F-B2A0-412F-A3B6-3712D41770D5}.Debug|Any CPU.ActiveCfg = Debug|Any CPU
		{8FAEF54F-B2A0-412F-A3B6-3712D41770D5}.Debug|Any CPU.Build.0 = Debug|Any CPU
		{8FAEF54F-B2A0-412F-A3B6-3712D41770D5}.Release|Any CPU.ActiveCfg = Release|Any CPU
		{8FAEF54F-B2A0-412F-A3B6-3712D41770D5}.Release|Any CPU.Build.0 = Release|Any CPU
		{227B9857-427E-4D81-8C1F-FCA71A546ED0}.Debug|Any CPU.ActiveCfg = Debug|Any CPU
		{227B9857-427E-4D81-8C1F-FCA71A546ED0}.Debug|Any CPU.Build.0 = Debug|Any CPU
		{227B9857-427E-4D81-8C1F-FCA71A546ED0}.Release|Any CPU.ActiveCfg = Release|Any CPU
		{227B9857-427E-4D81-8C1F-FCA71A546ED0}.Release|Any CPU.Build.0 = Release|Any CPU
		{45592A3E-E164-4643-B12D-732D52037E1D}.Debug|Any CPU.ActiveCfg = Debug|Any CPU
		{45592A3E-E164-4643-B12D-732D52037E1D}.Debug|Any CPU.Build.0 = Debug|Any CPU
		{45592A3E-E164-4643-B12D-732D52037E1D}.Release|Any CPU.ActiveCfg = Release|Any CPU
		{45592A3E-E164-4643-B12D-732D52037E1D}.Release|Any CPU.Build.0 = Release|Any CPU
	EndGlobalSection
	GlobalSection(SolutionProperties) = preSolution
		HideSolutionNode = FALSE
	EndGlobalSection
	GlobalSection(ExtensibilityGlobals) = postSolution
		SolutionGuid = {42F968BC-DA90-4A49-B8D5-6F0780D3A6A0}
	EndGlobalSection
EndGlobal
